
Microsoft Visual Studio Solution File, Format Version 12.00
# Visual Studio Version 16
VisualStudioVersion = 16.0.31410.357
MinimumVisualStudioVersion = 10.0.40219.1
Project("{FAE04EC0-301F-11D3-BF4B-00C04F79EFBC}") = "VendingApp", "VendingApp\VendingApp.csproj", "{7A1F4B56-EAA6-4C33-9AE2-9670754156FB}"
EndProject
Global
	GlobalSection(SolutionConfigurationPlatforms) = preSolution
		Debug|Any CPU = Debug|Any CPU
		Release|Any CPU = Release|Any CPU
	EndGlobalSection
	GlobalSection(ProjectConfigurationPlatforms) = postSolution
		{7A1F4B56-EAA6-4C33-9AE2-9670754156FB}.Debug|Any CPU.ActiveCfg = Debug|Any CPU
		{7A1F4B56-EAA6-4C33-9AE2-9670754156FB}.Debug|Any CPU.Build.0 = Debug|Any CPU
		{7A1F4B56-EAA6-4C33-9AE2-9670754156FB}.Release|Any CPU.ActiveCfg = Release|Any CPU
		{7A1F4B56-EAA6-4C33-9AE2-9670754156FB}.Release|Any CPU.Build.0 = Release|Any CPU
	EndGlobalSection
	GlobalSection(SolutionProperties) = preSolution
		HideSolutionNode = FALSE
	EndGlobalSection
	GlobalSection(ExtensibilityGlobals) = postSolution
		SolutionGuid = {A9B9F638-70EF-4B33-A0C1-8A235AAECE9F}
	EndGlobalSection
EndGlobal
